// !$*UTF8*$!
{
	archiveVersion = 1;
	classes = {
	};
	objectVersion = 50;
	objects = {

/* Begin PBXBuildFile section */
		183BCF7FC566B69DC163DE12 /* libPods-ReactiveCocoa.a in Frameworks */ = {isa = PBXBuildFile; fileRef = 5698BC4FC5344D2F88B9C10E /* libPods-ReactiveCocoa.a */; };
		41826DF7B49710523AB0B15C /* libPods-ReactiveCocoaUITests.a in Frameworks */ = {isa = PBXBuildFile; fileRef = FBF0C06D73C2014FEAFF73DE /* libPods-ReactiveCocoaUITests.a */; };
		6AF0C146A187B75DA3102F99 /* libPods-ReactiveCocoaTests.a in Frameworks */ = {isa = PBXBuildFile; fileRef = 63465C366504035540E3B807 /* libPods-ReactiveCocoaTests.a */; };
		FD0D26AE215C89B6000B2A87 /* Demo30_RACSignal_delay.m in Sources */ = {isa = PBXBuildFile; fileRef = FD0D26AD215C89B6000B2A87 /* Demo30_RACSignal_delay.m */; };
		FD0D26B1215C8B7C000B2A87 /* Demo31_RACSubject_throttle.m in Sources */ = {isa = PBXBuildFile; fileRef = FD0D26B0215C8B7C000B2A87 /* Demo31_RACSubject_throttle.m */; };
		FD0D26B5215CA9FC000B2A87 /* Demo32_RACSignal_concat.m in Sources */ = {isa = PBXBuildFile; fileRef = FD0D26B4215CA9FC000B2A87 /* Demo32_RACSignal_concat.m */; };
		FD0D26B8215CAC7A000B2A87 /* Demo33_RACSignal_merge.m in Sources */ = {isa = PBXBuildFile; fileRef = FD0D26B7215CAC7A000B2A87 /* Demo33_RACSignal_merge.m */; };
		FD0D26C7215CD701000B2A87 /* Demo34_RACSignal_zip.m in Sources */ = {isa = PBXBuildFile; fileRef = FD0D26C6215CD701000B2A87 /* Demo34_RACSignal_zip.m */; };
		FD1A5115213E2E600037DD9B /* Demo14_RACSignal_Bind.m in Sources */ = {isa = PBXBuildFile; fileRef = FD1A50F8213E2E600037DD9B /* Demo14_RACSignal_Bind.m */; };
		FD1A5116213E2E600037DD9B /* Demo04_rac_observeKeyPath.m in Sources */ = {isa = PBXBuildFile; fileRef = FD1A50FD213E2E600037DD9B /* Demo04_rac_observeKeyPath.m */; };
		FD1A5117213E2E600037DD9B /* Demo03_rac_signalForSelector.m in Sources */ = {isa = PBXBuildFile; fileRef = FD1A50FF213E2E600037DD9B /* Demo03_rac_signalForSelector.m */; };
		FD1A5118213E2E600037DD9B /* Demo12_rac_liftSelector.m in Sources */ = {isa = PBXBuildFile; fileRef = FD1A5100213E2E600037DD9B /* Demo12_rac_liftSelector.m */; };
		FD1A5119213E2E600037DD9B /* Demo07_rac_textSignal.m in Sources */ = {isa = PBXBuildFile; fileRef = FD1A5101213E2E600037DD9B /* Demo07_rac_textSignal.m */; };
		FD1A511A213E2E600037DD9B /* Demo10_RACSignal_interval_replace_timer.m in Sources */ = {isa = PBXBuildFile; fileRef = FD1A5102213E2E600037DD9B /* Demo10_RACSignal_interval_replace_timer.m */; };
		FD1A511B213E2E600037DD9B /* Demo05_rac_signalForControlEvents.m in Sources */ = {isa = PBXBuildFile; fileRef = FD1A5104213E2E600037DD9B /* Demo05_rac_signalForControlEvents.m */; };
		FD1A511C213E2E600037DD9B /* Demo06_rac_addObserverForName.m in Sources */ = {isa = PBXBuildFile; fileRef = FD1A5106213E2E600037DD9B /* Demo06_rac_addObserverForName.m */; };
		FD1A511D213E2E600037DD9B /* Demo_02_RACSubject.m in Sources */ = {isa = PBXBuildFile; fileRef = FD1A5107213E2E600037DD9B /* Demo_02_RACSubject.m */; };
		FD1A511E213E2E600037DD9B /* Demo11_RACMulticastConnection.m in Sources */ = {isa = PBXBuildFile; fileRef = FD1A5108213E2E600037DD9B /* Demo11_RACMulticastConnection.m */; };
		FD1A511F213E2E600037DD9B /* Demo_09_RACSequence.m in Sources */ = {isa = PBXBuildFile; fileRef = FD1A510A213E2E600037DD9B /* Demo_09_RACSequence.m */; };
		FD1A5120213E2E600037DD9B /* Demo_01_RACSignal.m in Sources */ = {isa = PBXBuildFile; fileRef = FD1A510C213E2E600037DD9B /* Demo_01_RACSignal.m */; };
		FD1A5121213E2E600037DD9B /* Demo08_RACTuple.m in Sources */ = {isa = PBXBuildFile; fileRef = FD1A510E213E2E600037DD9B /* Demo08_RACTuple.m */; };
		FD1A5122213E2E600037DD9B /* Demo13_RACCommand.m in Sources */ = {isa = PBXBuildFile; fileRef = FD1A5114213E2E600037DD9B /* Demo13_RACCommand.m */; };
		FD1A5125213E2F230037DD9B /* Demo15_RACSignal_map.m in Sources */ = {isa = PBXBuildFile; fileRef = FD1A5124213E2F230037DD9B /* Demo15_RACSignal_map.m */; };
		FD1A5128213E2F4F0037DD9B /* Demo16_RACSignal_flattenMap.m in Sources */ = {isa = PBXBuildFile; fileRef = FD1A5127213E2F4F0037DD9B /* Demo16_RACSignal_flattenMap.m */; };
		FD1A512B213E34C30037DD9B /* Demo17_RACSignal_distinctUntilChanged.m in Sources */ = {isa = PBXBuildFile; fileRef = FD1A512A213E34C30037DD9B /* Demo17_RACSignal_distinctUntilChanged.m */; };
		FD1A512E213E36140037DD9B /* Demo18_RACSignal_ReduceEach.m in Sources */ = {isa = PBXBuildFile; fileRef = FD1A512D213E36140037DD9B /* Demo18_RACSignal_ReduceEach.m */; };
		FD1A5131213E37AE0037DD9B /* Demo19_RACSignal_Scan.m in Sources */ = {isa = PBXBuildFile; fileRef = FD1A5130213E37AE0037DD9B /* Demo19_RACSignal_Scan.m */; };
		FD1A5137213E549E0037DD9B /* Demo20_RAC_Macro.m in Sources */ = {isa = PBXBuildFile; fileRef = FD1A5136213E549E0037DD9B /* Demo20_RAC_Macro.m */; };
		FD1A513B213E57190037DD9B /* Demo21_RACSubject_filter.m in Sources */ = {isa = PBXBuildFile; fileRef = FD1A513A213E57190037DD9B /* Demo21_RACSubject_filter.m */; };
		FD1A513E213E5A960037DD9B /* Demo22_RACSignal_take.m in Sources */ = {isa = PBXBuildFile; fileRef = FD1A513D213E5A960037DD9B /* Demo22_RACSignal_take.m */; };
		FD1A5141213E5CE20037DD9B /* Demo23_RACSignal_ignore.m in Sources */ = {isa = PBXBuildFile; fileRef = FD1A5140213E5CE20037DD9B /* Demo23_RACSignal_ignore.m */; };
		FD1A5144213E5E1B0037DD9B /* Demo24_RACSignal_skip.m in Sources */ = {isa = PBXBuildFile; fileRef = FD1A5143213E5E1B0037DD9B /* Demo24_RACSignal_skip.m */; };
		FD1F1A532140C6200023062B /* Demo25_RACSignal_startWith.m in Sources */ = {isa = PBXBuildFile; fileRef = FD1F1A522140C6200023062B /* Demo25_RACSignal_startWith.m */; };
		FD1F1A562140C7850023062B /* Demo26_RACSignal_repeat.m in Sources */ = {isa = PBXBuildFile; fileRef = FD1F1A552140C7850023062B /* Demo26_RACSignal_repeat.m */; };
		FD1F1A592140C9620023062B /* Demo27_RACSignal_retry.m in Sources */ = {isa = PBXBuildFile; fileRef = FD1F1A582140C9620023062B /* Demo27_RACSignal_retry.m */; };
		FD47A06321465C3C00B1052E /* Demo28_RACSignal_collect.m in Sources */ = {isa = PBXBuildFile; fileRef = FD47A06221465C3C00B1052E /* Demo28_RACSignal_collect.m */; };
		FD47A06721465EDA00B1052E /* Demo29_RACSignal_aggregate.m in Sources */ = {isa = PBXBuildFile; fileRef = FD47A06621465EDA00B1052E /* Demo29_RACSignal_aggregate.m */; };
		FD95C1C72133EE5E00243656 /* AppDelegate.m in Sources */ = {isa = PBXBuildFile; fileRef = FD95C1C62133EE5E00243656 /* AppDelegate.m */; };
		FD95C1CA2133EE5E00243656 /* ViewController.m in Sources */ = {isa = PBXBuildFile; fileRef = FD95C1C92133EE5E00243656 /* ViewController.m */; };
		FD95C1CD2133EE5E00243656 /* Main.storyboard in Resources */ = {isa = PBXBuildFile; fileRef = FD95C1CB2133EE5E00243656 /* Main.storyboard */; };
		FD95C1CF2133EE5F00243656 /* Assets.xcassets in Resources */ = {isa = PBXBuildFile; fileRef = FD95C1CE2133EE5F00243656 /* Assets.xcassets */; };
		FD95C1D22133EE5F00243656 /* LaunchScreen.storyboard in Resources */ = {isa = PBXBuildFile; fileRef = FD95C1D02133EE5F00243656 /* LaunchScreen.storyboard */; };
		FD95C1D52133EE5F00243656 /* main.m in Sources */ = {isa = PBXBuildFile; fileRef = FD95C1D42133EE5F00243656 /* main.m */; };
		FD95C1DF2133EE5F00243656 /* ReactiveCocoaTests.m in Sources */ = {isa = PBXBuildFile; fileRef = FD95C1DE2133EE5F00243656 /* ReactiveCocoaTests.m */; };
		FD95C1EA2133EE5F00243656 /* ReactiveCocoaUITests.m in Sources */ = {isa = PBXBuildFile; fileRef = FD95C1E92133EE5F00243656 /* ReactiveCocoaUITests.m */; };
		FDA4B7272137974D00642F85 /* RACViewController.m in Sources */ = {isa = PBXBuildFile; fileRef = FDA4B7262137974D00642F85 /* RACViewController.m */; };
		FDA4B73021379D0200642F85 /* RACView.m in Sources */ = {isa = PBXBuildFile; fileRef = FDA4B72F21379D0200642F85 /* RACView.m */; };
		FDC053402136821B00F7E000 /* BaseViewController.m in Sources */ = {isa = PBXBuildFile; fileRef = FDC0533F2136821B00F7E000 /* BaseViewController.m */; };
/* End PBXBuildFile section */

/* Begin PBXContainerItemProxy section */
		FD95C1DB2133EE5F00243656 /* PBXContainerItemProxy */ = {
			isa = PBXContainerItemProxy;
			containerPortal = FD95C1BA2133EE5E00243656 /* Project object */;
			proxyType = 1;
			remoteGlobalIDString = FD95C1C12133EE5E00243656;
			remoteInfo = ReactiveCocoa;
		};
		FD95C1E62133EE5F00243656 /* PBXContainerItemProxy */ = {
			isa = PBXContainerItemProxy;
			containerPortal = FD95C1BA2133EE5E00243656 /* Project object */;
			proxyType = 1;
			remoteGlobalIDString = FD95C1C12133EE5E00243656;
			remoteInfo = ReactiveCocoa;
		};
/* End PBXContainerItemProxy section */

/* Begin PBXFileReference section */
		26B97453941D14702791CEAC /* Pods-ReactiveCocoaUITests.debug.xcconfig */ = {isa = PBXFileReference; includeInIndex = 1; lastKnownFileType = text.xcconfig; name = "Pods-ReactiveCocoaUITests.debug.xcconfig"; path = "Pods/Target Support Files/Pods-ReactiveCocoaUITests/Pods-ReactiveCocoaUITests.debug.xcconfig"; sourceTree = "<group>"; };
		2AAB7326D817E6BB2A37E3EA /* Pods-ReactiveCocoaUITests.release.xcconfig */ = {isa = PBXFileReference; includeInIndex = 1; lastKnownFileType = text.xcconfig; name = "Pods-ReactiveCocoaUITests.release.xcconfig"; path = "Pods/Target Support Files/Pods-ReactiveCocoaUITests/Pods-ReactiveCocoaUITests.release.xcconfig"; sourceTree = "<group>"; };
		5698BC4FC5344D2F88B9C10E /* libPods-ReactiveCocoa.a */ = {isa = PBXFileReference; explicitFileType = archive.ar; includeInIndex = 0; path = "libPods-ReactiveCocoa.a"; sourceTree = BUILT_PRODUCTS_DIR; };
		5F61ACC6189D198CC47D7CAC /* Pods-ReactiveCocoaTests.release.xcconfig */ = {isa = PBXFileReference; includeInIndex = 1; lastKnownFileType = text.xcconfig; name = "Pods-ReactiveCocoaTests.release.xcconfig"; path = "Pods/Target Support Files/Pods-ReactiveCocoaTests/Pods-ReactiveCocoaTests.release.xcconfig"; sourceTree = "<group>"; };
		63465C366504035540E3B807 /* libPods-ReactiveCocoaTests.a */ = {isa = PBXFileReference; explicitFileType = archive.ar; includeInIndex = 0; path = "libPods-ReactiveCocoaTests.a"; sourceTree = BUILT_PRODUCTS_DIR; };
		987F8A32554C2D688BF6506D /* Pods-ReactiveCocoa.release.xcconfig */ = {isa = PBXFileReference; includeInIndex = 1; lastKnownFileType = text.xcconfig; name = "Pods-ReactiveCocoa.release.xcconfig"; path = "Pods/Target Support Files/Pods-ReactiveCocoa/Pods-ReactiveCocoa.release.xcconfig"; sourceTree = "<group>"; };
		AD1BA77ED492881629CE3031 /* Pods-ReactiveCocoaTests.debug.xcconfig */ = {isa = PBXFileReference; includeInIndex = 1; lastKnownFileType = text.xcconfig; name = "Pods-ReactiveCocoaTests.debug.xcconfig"; path = "Pods/Target Support Files/Pods-ReactiveCocoaTests/Pods-ReactiveCocoaTests.debug.xcconfig"; sourceTree = "<group>"; };
		D5A93663A467610330A3F59E /* Pods-ReactiveCocoa.debug.xcconfig */ = {isa = PBXFileReference; includeInIndex = 1; lastKnownFileType = text.xcconfig; name = "Pods-ReactiveCocoa.debug.xcconfig"; path = "Pods/Target Support Files/Pods-ReactiveCocoa/Pods-ReactiveCocoa.debug.xcconfig"; sourceTree = "<group>"; };
		FBF0C06D73C2014FEAFF73DE /* libPods-ReactiveCocoaUITests.a */ = {isa = PBXFileReference; explicitFileType = archive.ar; includeInIndex = 0; path = "libPods-ReactiveCocoaUITests.a"; sourceTree = BUILT_PRODUCTS_DIR; };
		FD0D26AC215C89B6000B2A87 /* Demo30_RACSignal_delay.h */ = {isa = PBXFileReference; lastKnownFileType = sourcecode.c.h; path = Demo30_RACSignal_delay.h; sourceTree = "<group>"; };
		FD0D26AD215C89B6000B2A87 /* Demo30_RACSignal_delay.m */ = {isa = PBXFileReference; lastKnownFileType = sourcecode.c.objc; path = Demo30_RACSignal_delay.m; sourceTree = "<group>"; };
		FD0D26AF215C8B7C000B2A87 /* Demo31_RACSubject_throttle.h */ = {isa = PBXFileReference; lastKnownFileType = sourcecode.c.h; path = Demo31_RACSubject_throttle.h; sourceTree = "<group>"; };
		FD0D26B0215C8B7C000B2A87 /* Demo31_RACSubject_throttle.m */ = {isa = PBXFileReference; lastKnownFileType = sourcecode.c.objc; path = Demo31_RACSubject_throttle.m; sourceTree = "<group>"; };
		FD0D26B3215CA9FC000B2A87 /* Demo32_RACSignal_concat.h */ = {isa = PBXFileReference; lastKnownFileType = sourcecode.c.h; path = Demo32_RACSignal_concat.h; sourceTree = "<group>"; };
		FD0D26B4215CA9FC000B2A87 /* Demo32_RACSignal_concat.m */ = {isa = PBXFileReference; lastKnownFileType = sourcecode.c.objc; path = Demo32_RACSignal_concat.m; sourceTree = "<group>"; };
		FD0D26B6215CAC7A000B2A87 /* Demo33_RACSignal_merge.h */ = {isa = PBXFileReference; lastKnownFileType = sourcecode.c.h; path = Demo33_RACSignal_merge.h; sourceTree = "<group>"; };
		FD0D26B7215CAC7A000B2A87 /* Demo33_RACSignal_merge.m */ = {isa = PBXFileReference; lastKnownFileType = sourcecode.c.objc; path = Demo33_RACSignal_merge.m; sourceTree = "<group>"; };
		FD0D26C5215CD701000B2A87 /* Demo34_RACSignal_zip.h */ = {isa = PBXFileReference; lastKnownFileType = sourcecode.c.h; path = Demo34_RACSignal_zip.h; sourceTree = "<group>"; };
		FD0D26C6215CD701000B2A87 /* Demo34_RACSignal_zip.m */ = {isa = PBXFileReference; lastKnownFileType = sourcecode.c.objc; path = Demo34_RACSignal_zip.m; sourceTree = "<group>"; };
		FD1A50F7213E2E600037DD9B /* Demo14_RACSignal_Bind.h */ = {isa = PBXFileReference; fileEncoding = 4; lastKnownFileType = sourcecode.c.h; path = Demo14_RACSignal_Bind.h; sourceTree = "<group>"; };
		FD1A50F8213E2E600037DD9B /* Demo14_RACSignal_Bind.m */ = {isa = PBXFileReference; fileEncoding = 4; lastKnownFileType = sourcecode.c.objc; path = Demo14_RACSignal_Bind.m; sourceTree = "<group>"; };
		FD1A50FA213E2E600037DD9B /* Demo_02_RACSubject.h */ = {isa = PBXFileReference; fileEncoding = 4; lastKnownFileType = sourcecode.c.h; path = Demo_02_RACSubject.h; sourceTree = "<group>"; };
		FD1A50FB213E2E600037DD9B /* Demo06_rac_addObserverForName.h */ = {isa = PBXFileReference; fileEncoding = 4; lastKnownFileType = sourcecode.c.h; path = Demo06_rac_addObserverForName.h; sourceTree = "<group>"; };
		FD1A50FC213E2E600037DD9B /* Demo_09_RACSequence.h */ = {isa = PBXFileReference; fileEncoding = 4; lastKnownFileType = sourcecode.c.h; path = Demo_09_RACSequence.h; sourceTree = "<group>"; };
		FD1A50FD213E2E600037DD9B /* Demo04_rac_observeKeyPath.m */ = {isa = PBXFileReference; fileEncoding = 4; lastKnownFileType = sourcecode.c.objc; path = Demo04_rac_observeKeyPath.m; sourceTree = "<group>"; };
		FD1A50FE213E2E600037DD9B /* Demo11_RACMulticastConnection.h */ = {isa = PBXFileReference; fileEncoding = 4; lastKnownFileType = sourcecode.c.h; path = Demo11_RACMulticastConnection.h; sourceTree = "<group>"; };
		FD1A50FF213E2E600037DD9B /* Demo03_rac_signalForSelector.m */ = {isa = PBXFileReference; fileEncoding = 4; lastKnownFileType = sourcecode.c.objc; path = Demo03_rac_signalForSelector.m; sourceTree = "<group>"; };
		FD1A5100213E2E600037DD9B /* Demo12_rac_liftSelector.m */ = {isa = PBXFileReference; fileEncoding = 4; lastKnownFileType = sourcecode.c.objc; path = Demo12_rac_liftSelector.m; sourceTree = "<group>"; };
		FD1A5101213E2E600037DD9B /* Demo07_rac_textSignal.m */ = {isa = PBXFileReference; fileEncoding = 4; lastKnownFileType = sourcecode.c.objc; path = Demo07_rac_textSignal.m; sourceTree = "<group>"; };
		FD1A5102213E2E600037DD9B /* Demo10_RACSignal_interval_replace_timer.m */ = {isa = PBXFileReference; fileEncoding = 4; lastKnownFileType = sourcecode.c.objc; path = Demo10_RACSignal_interval_replace_timer.m; sourceTree = "<group>"; };
		FD1A5103213E2E600037DD9B /* Demo08_RACTuple.h */ = {isa = PBXFileReference; fileEncoding = 4; lastKnownFileType = sourcecode.c.h; path = Demo08_RACTuple.h; sourceTree = "<group>"; };
		FD1A5104213E2E600037DD9B /* Demo05_rac_signalForControlEvents.m */ = {isa = PBXFileReference; fileEncoding = 4; lastKnownFileType = sourcecode.c.objc; path = Demo05_rac_signalForControlEvents.m; sourceTree = "<group>"; };
		FD1A5105213E2E600037DD9B /* Demo_01_RACSignal.h */ = {isa = PBXFileReference; fileEncoding = 4; lastKnownFileType = sourcecode.c.h; path = Demo_01_RACSignal.h; sourceTree = "<group>"; };
		FD1A5106213E2E600037DD9B /* Demo06_rac_addObserverForName.m */ = {isa = PBXFileReference; fileEncoding = 4; lastKnownFileType = sourcecode.c.objc; path = Demo06_rac_addObserverForName.m; sourceTree = "<group>"; };
		FD1A5107213E2E600037DD9B /* Demo_02_RACSubject.m */ = {isa = PBXFileReference; fileEncoding = 4; lastKnownFileType = sourcecode.c.objc; path = Demo_02_RACSubject.m; sourceTree = "<group>"; };
		FD1A5108213E2E600037DD9B /* Demo11_RACMulticastConnection.m */ = {isa = PBXFileReference; fileEncoding = 4; lastKnownFileType = sourcecode.c.objc; path = Demo11_RACMulticastConnection.m; sourceTree = "<group>"; };
		FD1A5109213E2E600037DD9B /* Demo04_rac_observeKeyPath.h */ = {isa = PBXFileReference; fileEncoding = 4; lastKnownFileType = sourcecode.c.h; path = Demo04_rac_observeKeyPath.h; sourceTree = "<group>"; };
		FD1A510A213E2E600037DD9B /* Demo_09_RACSequence.m */ = {isa = PBXFileReference; fileEncoding = 4; lastKnownFileType = sourcecode.c.objc; path = Demo_09_RACSequence.m; sourceTree = "<group>"; };
		FD1A510B213E2E600037DD9B /* Demo03_rac_signalForSelector.h */ = {isa = PBXFileReference; fileEncoding = 4; lastKnownFileType = sourcecode.c.h; path = Demo03_rac_signalForSelector.h; sourceTree = "<group>"; };
		FD1A510C213E2E600037DD9B /* Demo_01_RACSignal.m */ = {isa = PBXFileReference; fileEncoding = 4; lastKnownFileType = sourcecode.c.objc; path = Demo_01_RACSignal.m; sourceTree = "<group>"; };
		FD1A510D213E2E600037DD9B /* Demo05_rac_signalForControlEvents.h */ = {isa = PBXFileReference; fileEncoding = 4; lastKnownFileType = sourcecode.c.h; path = Demo05_rac_signalForControlEvents.h; sourceTree = "<group>"; };
		FD1A510E213E2E600037DD9B /* Demo08_RACTuple.m */ = {isa = PBXFileReference; fileEncoding = 4; lastKnownFileType = sourcecode.c.objc; path = Demo08_RACTuple.m; sourceTree = "<group>"; };
		FD1A510F213E2E600037DD9B /* Demo10_RACSignal_interval_replace_timer.h */ = {isa = PBXFileReference; fileEncoding = 4; lastKnownFileType = sourcecode.c.h; path = Demo10_RACSignal_interval_replace_timer.h; sourceTree = "<group>"; };
		FD1A5110213E2E600037DD9B /* Demo07_rac_textSignal.h */ = {isa = PBXFileReference; fileEncoding = 4; lastKnownFileType = sourcecode.c.h; path = Demo07_rac_textSignal.h; sourceTree = "<group>"; };
		FD1A5111213E2E600037DD9B /* Demo12_rac_liftSelector.h */ = {isa = PBXFileReference; fileEncoding = 4; lastKnownFileType = sourcecode.c.h; path = Demo12_rac_liftSelector.h; sourceTree = "<group>"; };
		FD1A5113213E2E600037DD9B /* Demo13_RACCommand.h */ = {isa = PBXFileReference; fileEncoding = 4; lastKnownFileType = sourcecode.c.h; path = Demo13_RACCommand.h; sourceTree = "<group>"; };
		FD1A5114213E2E600037DD9B /* Demo13_RACCommand.m */ = {isa = PBXFileReference; fileEncoding = 4; lastKnownFileType = sourcecode.c.objc; path = Demo13_RACCommand.m; sourceTree = "<group>"; };
		FD1A5123213E2F230037DD9B /* Demo15_RACSignal_map.h */ = {isa = PBXFileReference; lastKnownFileType = sourcecode.c.h; path = Demo15_RACSignal_map.h; sourceTree = "<group>"; };
		FD1A5124213E2F230037DD9B /* Demo15_RACSignal_map.m */ = {isa = PBXFileReference; lastKnownFileType = sourcecode.c.objc; path = Demo15_RACSignal_map.m; sourceTree = "<group>"; };
		FD1A5126213E2F4F0037DD9B /* Demo16_RACSignal_flattenMap.h */ = {isa = PBXFileReference; lastKnownFileType = sourcecode.c.h; path = Demo16_RACSignal_flattenMap.h; sourceTree = "<group>"; };
		FD1A5127213E2F4F0037DD9B /* Demo16_RACSignal_flattenMap.m */ = {isa = PBXFileReference; lastKnownFileType = sourcecode.c.objc; path = Demo16_RACSignal_flattenMap.m; sourceTree = "<group>"; };
		FD1A5129213E34C30037DD9B /* Demo17_RACSignal_distinctUntilChanged.h */ = {isa = PBXFileReference; lastKnownFileType = sourcecode.c.h; path = Demo17_RACSignal_distinctUntilChanged.h; sourceTree = "<group>"; };
		FD1A512A213E34C30037DD9B /* Demo17_RACSignal_distinctUntilChanged.m */ = {isa = PBXFileReference; lastKnownFileType = sourcecode.c.objc; path = Demo17_RACSignal_distinctUntilChanged.m; sourceTree = "<group>"; };
		FD1A512C213E36140037DD9B /* Demo18_RACSignal_ReduceEach.h */ = {isa = PBXFileReference; lastKnownFileType = sourcecode.c.h; path = Demo18_RACSignal_ReduceEach.h; sourceTree = "<group>"; };
		FD1A512D213E36140037DD9B /* Demo18_RACSignal_ReduceEach.m */ = {isa = PBXFileReference; lastKnownFileType = sourcecode.c.objc; path = Demo18_RACSignal_ReduceEach.m; sourceTree = "<group>"; };
		FD1A512F213E37AE0037DD9B /* Demo19_RACSignal_Scan.h */ = {isa = PBXFileReference; lastKnownFileType = sourcecode.c.h; path = Demo19_RACSignal_Scan.h; sourceTree = "<group>"; };
		FD1A5130213E37AE0037DD9B /* Demo19_RACSignal_Scan.m */ = {isa = PBXFileReference; lastKnownFileType = sourcecode.c.objc; path = Demo19_RACSignal_Scan.m; sourceTree = "<group>"; };
		FD1A5135213E549E0037DD9B /* Demo20_RAC_Macro.h */ = {isa = PBXFileReference; lastKnownFileType = sourcecode.c.h; path = Demo20_RAC_Macro.h; sourceTree = "<group>"; };
		FD1A5136213E549E0037DD9B /* Demo20_RAC_Macro.m */ = {isa = PBXFileReference; lastKnownFileType = sourcecode.c.objc; path = Demo20_RAC_Macro.m; sourceTree = "<group>"; };
		FD1A5139213E57190037DD9B /* Demo21_RACSubject_filter.h */ = {isa = PBXFileReference; lastKnownFileType = sourcecode.c.h; path = Demo21_RACSubject_filter.h; sourceTree = "<group>"; };
		FD1A513A213E57190037DD9B /* Demo21_RACSubject_filter.m */ = {isa = PBXFileReference; lastKnownFileType = sourcecode.c.objc; path = Demo21_RACSubject_filter.m; sourceTree = "<group>"; };
		FD1A513C213E5A960037DD9B /* Demo22_RACSignal_take.h */ = {isa = PBXFileReference; lastKnownFileType = sourcecode.c.h; path = Demo22_RACSignal_take.h; sourceTree = "<group>"; };
		FD1A513D213E5A960037DD9B /* Demo22_RACSignal_take.m */ = {isa = PBXFileReference; lastKnownFileType = sourcecode.c.objc; path = Demo22_RACSignal_take.m; sourceTree = "<group>"; };
		FD1A513F213E5CE20037DD9B /* Demo23_RACSignal_ignore.h */ = {isa = PBXFileReference; lastKnownFileType = sourcecode.c.h; path = Demo23_RACSignal_ignore.h; sourceTree = "<group>"; };
		FD1A5140213E5CE20037DD9B /* Demo23_RACSignal_ignore.m */ = {isa = PBXFileReference; lastKnownFileType = sourcecode.c.objc; path = Demo23_RACSignal_ignore.m; sourceTree = "<group>"; };
		FD1A5142213E5E1B0037DD9B /* Demo24_RACSignal_skip.h */ = {isa = PBXFileReference; lastKnownFileType = sourcecode.c.h; path = Demo24_RACSignal_skip.h; sourceTree = "<group>"; };
		FD1A5143213E5E1B0037DD9B /* Demo24_RACSignal_skip.m */ = {isa = PBXFileReference; lastKnownFileType = sourcecode.c.objc; path = Demo24_RACSignal_skip.m; sourceTree = "<group>"; };
		FD1F1A512140C6200023062B /* Demo25_RACSignal_startWith.h */ = {isa = PBXFileReference; lastKnownFileType = sourcecode.c.h; path = Demo25_RACSignal_startWith.h; sourceTree = "<group>"; };
		FD1F1A522140C6200023062B /* Demo25_RACSignal_startWith.m */ = {isa = PBXFileReference; lastKnownFileType = sourcecode.c.objc; path = Demo25_RACSignal_startWith.m; sourceTree = "<group>"; };
		FD1F1A542140C7850023062B /* Demo26_RACSignal_repeat.h */ = {isa = PBXFileReference; lastKnownFileType = sourcecode.c.h; path = Demo26_RACSignal_repeat.h; sourceTree = "<group>"; };
		FD1F1A552140C7850023062B /* Demo26_RACSignal_repeat.m */ = {isa = PBXFileReference; lastKnownFileType = sourcecode.c.objc; path = Demo26_RACSignal_repeat.m; sourceTree = "<group>"; };
		FD1F1A572140C9620023062B /* Demo27_RACSignal_retry.h */ = {isa = PBXFileReference; lastKnownFileType = sourcecode.c.h; path = Demo27_RACSignal_retry.h; sourceTree = "<group>"; };
		FD1F1A582140C9620023062B /* Demo27_RACSignal_retry.m */ = {isa = PBXFileReference; lastKnownFileType = sourcecode.c.objc; path = Demo27_RACSignal_retry.m; sourceTree = "<group>"; };
		FD47A06121465C3C00B1052E /* Demo28_RACSignal_collect.h */ = {isa = PBXFileReference; lastKnownFileType = sourcecode.c.h; path = Demo28_RACSignal_collect.h; sourceTree = "<group>"; };
		FD47A06221465C3C00B1052E /* Demo28_RACSignal_collect.m */ = {isa = PBXFileReference; lastKnownFileType = sourcecode.c.objc; path = Demo28_RACSignal_collect.m; sourceTree = "<group>"; };
		FD47A06421465C6300B1052E /* PrefixHeader.pch */ = {isa = PBXFileReference; fileEncoding = 4; lastKnownFileType = sourcecode.c.h; path = PrefixHeader.pch; sourceTree = "<group>"; };
		FD47A06521465EDA00B1052E /* Demo29_RACSignal_aggregate.h */ = {isa = PBXFileReference; lastKnownFileType = sourcecode.c.h; path = Demo29_RACSignal_aggregate.h; sourceTree = "<group>"; };
		FD47A06621465EDA00B1052E /* Demo29_RACSignal_aggregate.m */ = {isa = PBXFileReference; lastKnownFileType = sourcecode.c.objc; path = Demo29_RACSignal_aggregate.m; sourceTree = "<group>"; };
		FD95C1C22133EE5E00243656 /* ReactiveCocoa.app */ = {isa = PBXFileReference; explicitFileType = wrapper.application; includeInIndex = 0; path = ReactiveCocoa.app; sourceTree = BUILT_PRODUCTS_DIR; };
		FD95C1C52133EE5E00243656 /* AppDelegate.h */ = {isa = PBXFileReference; lastKnownFileType = sourcecode.c.h; path = AppDelegate.h; sourceTree = "<group>"; };
		FD95C1C62133EE5E00243656 /* AppDelegate.m */ = {isa = PBXFileReference; lastKnownFileType = sourcecode.c.objc; path = AppDelegate.m; sourceTree = "<group>"; };
		FD95C1C82133EE5E00243656 /* ViewController.h */ = {isa = PBXFileReference; lastKnownFileType = sourcecode.c.h; path = ViewController.h; sourceTree = "<group>"; };
		FD95C1C92133EE5E00243656 /* ViewController.m */ = {isa = PBXFileReference; lastKnownFileType = sourcecode.c.objc; path = ViewController.m; sourceTree = "<group>"; };
		FD95C1CC2133EE5E00243656 /* Base */ = {isa = PBXFileReference; lastKnownFileType = file.storyboard; name = Base; path = Base.lproj/Main.storyboard; sourceTree = "<group>"; };
		FD95C1CE2133EE5F00243656 /* Assets.xcassets */ = {isa = PBXFileReference; lastKnownFileType = folder.assetcatalog; path = Assets.xcassets; sourceTree = "<group>"; };
		FD95C1D12133EE5F00243656 /* Base */ = {isa = PBXFileReference; lastKnownFileType = file.storyboard; name = Base; path = Base.lproj/LaunchScreen.storyboard; sourceTree = "<group>"; };
		FD95C1D32133EE5F00243656 /* Info.plist */ = {isa = PBXFileReference; lastKnownFileType = text.plist.xml; path = Info.plist; sourceTree = "<group>"; };
		FD95C1D42133EE5F00243656 /* main.m */ = {isa = PBXFileReference; lastKnownFileType = sourcecode.c.objc; path = main.m; sourceTree = "<group>"; };
		FD95C1DA2133EE5F00243656 /* ReactiveCocoaTests.xctest */ = {isa = PBXFileReference; explicitFileType = wrapper.cfbundle; includeInIndex = 0; path = ReactiveCocoaTests.xctest; sourceTree = BUILT_PRODUCTS_DIR; };
		FD95C1DE2133EE5F00243656 /* ReactiveCocoaTests.m */ = {isa = PBXFileReference; lastKnownFileType = sourcecode.c.objc; path = ReactiveCocoaTests.m; sourceTree = "<group>"; };
		FD95C1E02133EE5F00243656 /* Info.plist */ = {isa = PBXFileReference; lastKnownFileType = text.plist.xml; path = Info.plist; sourceTree = "<group>"; };
		FD95C1E52133EE5F00243656 /* ReactiveCocoaUITests.xctest */ = {isa = PBXFileReference; explicitFileType = wrapper.cfbundle; includeInIndex = 0; path = ReactiveCocoaUITests.xctest; sourceTree = BUILT_PRODUCTS_DIR; };
		FD95C1E92133EE5F00243656 /* ReactiveCocoaUITests.m */ = {isa = PBXFileReference; lastKnownFileType = sourcecode.c.objc; path = ReactiveCocoaUITests.m; sourceTree = "<group>"; };
		FD95C1EB2133EE5F00243656 /* Info.plist */ = {isa = PBXFileReference; lastKnownFileType = text.plist.xml; path = Info.plist; sourceTree = "<group>"; };
		FDA4B7252137974D00642F85 /* RACViewController.h */ = {isa = PBXFileReference; lastKnownFileType = sourcecode.c.h; path = RACViewController.h; sourceTree = "<group>"; };
		FDA4B7262137974D00642F85 /* RACViewController.m */ = {isa = PBXFileReference; lastKnownFileType = sourcecode.c.objc; path = RACViewController.m; sourceTree = "<group>"; };
		FDA4B72E21379D0200642F85 /* RACView.h */ = {isa = PBXFileReference; lastKnownFileType = sourcecode.c.h; path = RACView.h; sourceTree = "<group>"; };
		FDA4B72F21379D0200642F85 /* RACView.m */ = {isa = PBXFileReference; lastKnownFileType = sourcecode.c.objc; path = RACView.m; sourceTree = "<group>"; };
		FDC0533E2136821B00F7E000 /* BaseViewController.h */ = {isa = PBXFileReference; lastKnownFileType = sourcecode.c.h; path = BaseViewController.h; sourceTree = "<group>"; };
		FDC0533F2136821B00F7E000 /* BaseViewController.m */ = {isa = PBXFileReference; lastKnownFileType = sourcecode.c.objc; path = BaseViewController.m; sourceTree = "<group>"; };
/* End PBXFileReference section */

/* Begin PBXFrameworksBuildPhase section */
		FD95C1BF2133EE5E00243656 /* Frameworks */ = {
			isa = PBXFrameworksBuildPhase;
			buildActionMask = 2147483647;
			files = (
				183BCF7FC566B69DC163DE12 /* libPods-ReactiveCocoa.a in Frameworks */,
			);
			runOnlyForDeploymentPostprocessing = 0;
		};
		FD95C1D72133EE5F00243656 /* Frameworks */ = {
			isa = PBXFrameworksBuildPhase;
			buildActionMask = 2147483647;
			files = (
				6AF0C146A187B75DA3102F99 /* libPods-ReactiveCocoaTests.a in Frameworks */,
			);
			runOnlyForDeploymentPostprocessing = 0;
		};
		FD95C1E22133EE5F00243656 /* Frameworks */ = {
			isa = PBXFrameworksBuildPhase;
			buildActionMask = 2147483647;
			files = (
				41826DF7B49710523AB0B15C /* libPods-ReactiveCocoaUITests.a in Frameworks */,
			);
			runOnlyForDeploymentPostprocessing = 0;
		};
/* End PBXFrameworksBuildPhase section */

/* Begin PBXGroup section */
		4BE309F5EF03860EF780EB76 /* Pods */ = {
			isa = PBXGroup;
			children = (
				D5A93663A467610330A3F59E /* Pods-ReactiveCocoa.debug.xcconfig */,
				987F8A32554C2D688BF6506D /* Pods-ReactiveCocoa.release.xcconfig */,
				AD1BA77ED492881629CE3031 /* Pods-ReactiveCocoaTests.debug.xcconfig */,
				5F61ACC6189D198CC47D7CAC /* Pods-ReactiveCocoaTests.release.xcconfig */,
				26B97453941D14702791CEAC /* Pods-ReactiveCocoaUITests.debug.xcconfig */,
				2AAB7326D817E6BB2A37E3EA /* Pods-ReactiveCocoaUITests.release.xcconfig */,
			);
			name = Pods;
			sourceTree = "<group>";
		};
		A3E6B84769C9625BA5ECFCE5 /* Frameworks */ = {
			isa = PBXGroup;
			children = (
				5698BC4FC5344D2F88B9C10E /* libPods-ReactiveCocoa.a */,
				63465C366504035540E3B807 /* libPods-ReactiveCocoaTests.a */,
				FBF0C06D73C2014FEAFF73DE /* libPods-ReactiveCocoaUITests.a */,
			);
			name = Frameworks;
			sourceTree = "<group>";
		};
		FD0D26AB215C898D000B2A87 /* 信号的时间操作 */ = {
			isa = PBXGroup;
			children = (
				FD0D26AC215C89B6000B2A87 /* Demo30_RACSignal_delay.h */,
				FD0D26AD215C89B6000B2A87 /* Demo30_RACSignal_delay.m */,
				FD0D26AF215C8B7C000B2A87 /* Demo31_RACSubject_throttle.h */,
				FD0D26B0215C8B7C000B2A87 /* Demo31_RACSubject_throttle.m */,
			);
			path = "信号的时间操作";
			sourceTree = "<group>";
		};
		FD0D26B2215CA9DF000B2A87 /* 信号的组合操作 */ = {
			isa = PBXGroup;
			children = (
				FD0D26B3215CA9FC000B2A87 /* Demo32_RACSignal_concat.h */,
				FD0D26B4215CA9FC000B2A87 /* Demo32_RACSignal_concat.m */,
				FD0D26B6215CAC7A000B2A87 /* Demo33_RACSignal_merge.h */,
				FD0D26B7215CAC7A000B2A87 /* Demo33_RACSignal_merge.m */,
				FD0D26C5215CD701000B2A87 /* Demo34_RACSignal_zip.h */,
				FD0D26C6215CD701000B2A87 /* Demo34_RACSignal_zip.m */,
			);
			path = "信号的组合操作";
			sourceTree = "<group>";
		};
		FD1A50F5213E2E600037DD9B /* ReactiveCocoa */ = {
			isa = PBXGroup;
			children = (
				FD0D26B2215CA9DF000B2A87 /* 信号的组合操作 */,
				FD0D26AB215C898D000B2A87 /* 信号的时间操作 */,
				FD1A5138213E56C30037DD9B /* 信号的数量操作 */,
				FD1A50F9213E2E600037DD9B /* 信号的基本操作 */,
				FD1A5112213E2E600037DD9B /* RAC命令 */,
				FD1A50F6213E2E600037DD9B /* 信号的值操作 */,
			);
			name = ReactiveCocoa;
			path = ReactiveCocoa/ReactiveCocoa;
			sourceTree = "<group>";
		};
		FD1A50F6213E2E600037DD9B /* 信号的值操作 */ = {
			isa = PBXGroup;
			children = (
				FD1A50F7213E2E600037DD9B /* Demo14_RACSignal_Bind.h */,
				FD1A50F8213E2E600037DD9B /* Demo14_RACSignal_Bind.m */,
				FD1A5123213E2F230037DD9B /* Demo15_RACSignal_map.h */,
				FD1A5124213E2F230037DD9B /* Demo15_RACSignal_map.m */,
				FD1A5126213E2F4F0037DD9B /* Demo16_RACSignal_flattenMap.h */,
				FD1A5127213E2F4F0037DD9B /* Demo16_RACSignal_flattenMap.m */,
				FD1A5129213E34C30037DD9B /* Demo17_RACSignal_distinctUntilChanged.h */,
				FD1A512A213E34C30037DD9B /* Demo17_RACSignal_distinctUntilChanged.m */,
				FD1A512C213E36140037DD9B /* Demo18_RACSignal_ReduceEach.h */,
				FD1A512D213E36140037DD9B /* Demo18_RACSignal_ReduceEach.m */,
				FD1A512F213E37AE0037DD9B /* Demo19_RACSignal_Scan.h */,
				FD1A5130213E37AE0037DD9B /* Demo19_RACSignal_Scan.m */,
				FD1A5135213E549E0037DD9B /* Demo20_RAC_Macro.h */,
				FD1A5136213E549E0037DD9B /* Demo20_RAC_Macro.m */,
			);
			path = "信号的值操作";
			sourceTree = "<group>";
		};
		FD1A50F9213E2E600037DD9B /* 信号的基本操作 */ = {
			isa = PBXGroup;
			children = (
				FD1A5105213E2E600037DD9B /* Demo_01_RACSignal.h */,
				FD1A510C213E2E600037DD9B /* Demo_01_RACSignal.m */,
				FD1A50FA213E2E600037DD9B /* Demo_02_RACSubject.h */,
				FD1A5107213E2E600037DD9B /* Demo_02_RACSubject.m */,
				FD1A510B213E2E600037DD9B /* Demo03_rac_signalForSelector.h */,
				FD1A50FF213E2E600037DD9B /* Demo03_rac_signalForSelector.m */,
				FD1A5109213E2E600037DD9B /* Demo04_rac_observeKeyPath.h */,
				FD1A50FD213E2E600037DD9B /* Demo04_rac_observeKeyPath.m */,
				FD1A510D213E2E600037DD9B /* Demo05_rac_signalForControlEvents.h */,
				FD1A5104213E2E600037DD9B /* Demo05_rac_signalForControlEvents.m */,
				FD1A50FB213E2E600037DD9B /* Demo06_rac_addObserverForName.h */,
				FD1A5106213E2E600037DD9B /* Demo06_rac_addObserverForName.m */,
				FD1A5110213E2E600037DD9B /* Demo07_rac_textSignal.h */,
				FD1A5101213E2E600037DD9B /* Demo07_rac_textSignal.m */,
				FD1A5103213E2E600037DD9B /* Demo08_RACTuple.h */,
				FD1A510E213E2E600037DD9B /* Demo08_RACTuple.m */,
				FD1A50FC213E2E600037DD9B /* Demo_09_RACSequence.h */,
				FD1A510A213E2E600037DD9B /* Demo_09_RACSequence.m */,
				FD1A510F213E2E600037DD9B /* Demo10_RACSignal_interval_replace_timer.h */,
				FD1A5102213E2E600037DD9B /* Demo10_RACSignal_interval_replace_timer.m */,
				FD1A50FE213E2E600037DD9B /* Demo11_RACMulticastConnection.h */,
				FD1A5108213E2E600037DD9B /* Demo11_RACMulticastConnection.m */,
				FD1A5111213E2E600037DD9B /* Demo12_rac_liftSelector.h */,
				FD1A5100213E2E600037DD9B /* Demo12_rac_liftSelector.m */,
			);
			path = "信号的基本操作";
			sourceTree = "<group>";
		};
		FD1A5112213E2E600037DD9B /* RAC命令 */ = {
			isa = PBXGroup;
			children = (
				FD1A5113213E2E600037DD9B /* Demo13_RACCommand.h */,
				FD1A5114213E2E600037DD9B /* Demo13_RACCommand.m */,
			);
			path = "RAC命令";
			sourceTree = "<group>";
		};
		FD1A5138213E56C30037DD9B /* 信号的数量操作 */ = {
			isa = PBXGroup;
			children = (
				FD1A5139213E57190037DD9B /* Demo21_RACSubject_filter.h */,
				FD1A513A213E57190037DD9B /* Demo21_RACSubject_filter.m */,
				FD1A513C213E5A960037DD9B /* Demo22_RACSignal_take.h */,
				FD1A513D213E5A960037DD9B /* Demo22_RACSignal_take.m */,
				FD1A513F213E5CE20037DD9B /* Demo23_RACSignal_ignore.h */,
				FD1A5140213E5CE20037DD9B /* Demo23_RACSignal_ignore.m */,
				FD1A5142213E5E1B0037DD9B /* Demo24_RACSignal_skip.h */,
				FD1A5143213E5E1B0037DD9B /* Demo24_RACSignal_skip.m */,
				FD1F1A512140C6200023062B /* Demo25_RACSignal_startWith.h */,
				FD1F1A522140C6200023062B /* Demo25_RACSignal_startWith.m */,
				FD1F1A542140C7850023062B /* Demo26_RACSignal_repeat.h */,
				FD1F1A552140C7850023062B /* Demo26_RACSignal_repeat.m */,
				FD1F1A572140C9620023062B /* Demo27_RACSignal_retry.h */,
				FD1F1A582140C9620023062B /* Demo27_RACSignal_retry.m */,
				FD47A06121465C3C00B1052E /* Demo28_RACSignal_collect.h */,
				FD47A06221465C3C00B1052E /* Demo28_RACSignal_collect.m */,
				FD47A06521465EDA00B1052E /* Demo29_RACSignal_aggregate.h */,
				FD47A06621465EDA00B1052E /* Demo29_RACSignal_aggregate.m */,
			);
			path = "信号的数量操作";
			sourceTree = "<group>";
		};
		FD95C1B92133EE5E00243656 = {
			isa = PBXGroup;
			children = (
				FD95C1C42133EE5E00243656 /* ReactiveCocoa */,
				FD95C1DD2133EE5F00243656 /* ReactiveCocoaTests */,
				FD95C1E82133EE5F00243656 /* ReactiveCocoaUITests */,
				FD95C1C32133EE5E00243656 /* Products */,
				4BE309F5EF03860EF780EB76 /* Pods */,
				A3E6B84769C9625BA5ECFCE5 /* Frameworks */,
			);
			sourceTree = "<group>";
		};
		FD95C1C32133EE5E00243656 /* Products */ = {
			isa = PBXGroup;
			children = (
				FD95C1C22133EE5E00243656 /* ReactiveCocoa.app */,
				FD95C1DA2133EE5F00243656 /* ReactiveCocoaTests.xctest */,
				FD95C1E52133EE5F00243656 /* ReactiveCocoaUITests.xctest */,
			);
			name = Products;
			sourceTree = "<group>";
		};
		FD95C1C42133EE5E00243656 /* ReactiveCocoa */ = {
			isa = PBXGroup;
			children = (
				FD1A50F5213E2E600037DD9B /* ReactiveCocoa */,
				FD95C1C52133EE5E00243656 /* AppDelegate.h */,
				FD95C1C62133EE5E00243656 /* AppDelegate.m */,
				FD95C1C82133EE5E00243656 /* ViewController.h */,
				FD95C1C92133EE5E00243656 /* ViewController.m */,
				FDA4B7252137974D00642F85 /* RACViewController.h */,
				FDA4B7262137974D00642F85 /* RACViewController.m */,
				FDC0533E2136821B00F7E000 /* BaseViewController.h */,
				FDC0533F2136821B00F7E000 /* BaseViewController.m */,
				FDA4B72E21379D0200642F85 /* RACView.h */,
				FDA4B72F21379D0200642F85 /* RACView.m */,
				FD95C1CB2133EE5E00243656 /* Main.storyboard */,
				FD95C1CE2133EE5F00243656 /* Assets.xcassets */,
				FD95C1D02133EE5F00243656 /* LaunchScreen.storyboard */,
				FD95C1D32133EE5F00243656 /* Info.plist */,
				FD95C1D42133EE5F00243656 /* main.m */,
				FD47A06421465C6300B1052E /* PrefixHeader.pch */,
			);
			path = ReactiveCocoa;
			sourceTree = "<group>";
		};
		FD95C1DD2133EE5F00243656 /* ReactiveCocoaTests */ = {
			isa = PBXGroup;
			children = (
				FD95C1DE2133EE5F00243656 /* ReactiveCocoaTests.m */,
				FD95C1E02133EE5F00243656 /* Info.plist */,
			);
			path = ReactiveCocoaTests;
			sourceTree = "<group>";
		};
		FD95C1E82133EE5F00243656 /* ReactiveCocoaUITests */ = {
			isa = PBXGroup;
			children = (
				FD95C1E92133EE5F00243656 /* ReactiveCocoaUITests.m */,
				FD95C1EB2133EE5F00243656 /* Info.plist */,
			);
			path = ReactiveCocoaUITests;
			sourceTree = "<group>";
		};
/* End PBXGroup section */

/* Begin PBXNativeTarget section */
		FD95C1C12133EE5E00243656 /* ReactiveCocoa */ = {
			isa = PBXNativeTarget;
			buildConfigurationList = FD95C1EE2133EE5F00243656 /* Build configuration list for PBXNativeTarget "ReactiveCocoa" */;
			buildPhases = (
				55B721759C17360B9E5CE4F1 /* [CP] Check Pods Manifest.lock */,
				FD95C1BE2133EE5E00243656 /* Sources */,
				FD95C1BF2133EE5E00243656 /* Frameworks */,
				FD95C1C02133EE5E00243656 /* Resources */,
			);
			buildRules = (
			);
			dependencies = (
			);
			name = ReactiveCocoa;
			productName = ReactiveCocoa;
			productReference = FD95C1C22133EE5E00243656 /* ReactiveCocoa.app */;
			productType = "com.apple.product-type.application";
		};
		FD95C1D92133EE5F00243656 /* ReactiveCocoaTests */ = {
			isa = PBXNativeTarget;
			buildConfigurationList = FD95C1F12133EE5F00243656 /* Build configuration list for PBXNativeTarget "ReactiveCocoaTests" */;
			buildPhases = (
				0AED151B83CE105F9F30CA9A /* [CP] Check Pods Manifest.lock */,
				FD95C1D62133EE5F00243656 /* Sources */,
				FD95C1D72133EE5F00243656 /* Frameworks */,
				FD95C1D82133EE5F00243656 /* Resources */,
			);
			buildRules = (
			);
			dependencies = (
				FD95C1DC2133EE5F00243656 /* PBXTargetDependency */,
			);
			name = ReactiveCocoaTests;
			productName = ReactiveCocoaTests;
			productReference = FD95C1DA2133EE5F00243656 /* ReactiveCocoaTests.xctest */;
			productType = "com.apple.product-type.bundle.unit-test";
		};
		FD95C1E42133EE5F00243656 /* ReactiveCocoaUITests */ = {
			isa = PBXNativeTarget;
			buildConfigurationList = FD95C1F42133EE5F00243656 /* Build configuration list for PBXNativeTarget "ReactiveCocoaUITests" */;
			buildPhases = (
				7727F01FC0D9B2B6481D0A5A /* [CP] Check Pods Manifest.lock */,
				FD95C1E12133EE5F00243656 /* Sources */,
				FD95C1E22133EE5F00243656 /* Frameworks */,
				FD95C1E32133EE5F00243656 /* Resources */,
			);
			buildRules = (
			);
			dependencies = (
				FD95C1E72133EE5F00243656 /* PBXTargetDependency */,
			);
			name = ReactiveCocoaUITests;
			productName = ReactiveCocoaUITests;
			productReference = FD95C1E52133EE5F00243656 /* ReactiveCocoaUITests.xctest */;
			productType = "com.apple.product-type.bundle.ui-testing";
		};
/* End PBXNativeTarget section */

/* Begin PBXProject section */
		FD95C1BA2133EE5E00243656 /* Project object */ = {
			isa = PBXProject;
			attributes = {
				LastUpgradeCheck = 0930;
				ORGANIZATIONNAME = qingfengiOS;
				TargetAttributes = {
					FD95C1C12133EE5E00243656 = {
						CreatedOnToolsVersion = 9.3;
						LastSwiftMigration = 0930;
					};
					FD95C1D92133EE5F00243656 = {
						CreatedOnToolsVersion = 9.3;
						TestTargetID = FD95C1C12133EE5E00243656;
					};
					FD95C1E42133EE5F00243656 = {
						CreatedOnToolsVersion = 9.3;
						TestTargetID = FD95C1C12133EE5E00243656;
					};
				};
			};
			buildConfigurationList = FD95C1BD2133EE5E00243656 /* Build configuration list for PBXProject "ReactiveCocoa" */;
			compatibilityVersion = "Xcode 9.3";
			developmentRegion = en;
			hasScannedForEncodings = 0;
			knownRegions = (
				en,
				Base,
			);
			mainGroup = FD95C1B92133EE5E00243656;
			productRefGroup = FD95C1C32133EE5E00243656 /* Products */;
			projectDirPath = "";
			projectRoot = "";
			targets = (
				FD95C1C12133EE5E00243656 /* ReactiveCocoa */,
				FD95C1D92133EE5F00243656 /* ReactiveCocoaTests */,
				FD95C1E42133EE5F00243656 /* ReactiveCocoaUITests */,
			);
		};
/* End PBXProject section */

/* Begin PBXResourcesBuildPhase section */
		FD95C1C02133EE5E00243656 /* Resources */ = {
			isa = PBXResourcesBuildPhase;
			buildActionMask = 2147483647;
			files = (
				FD95C1D22133EE5F00243656 /* LaunchScreen.storyboard in Resources */,
				FD95C1CF2133EE5F00243656 /* Assets.xcassets in Resources */,
				FD95C1CD2133EE5E00243656 /* Main.storyboard in Resources */,
			);
			runOnlyForDeploymentPostprocessing = 0;
		};
		FD95C1D82133EE5F00243656 /* Resources */ = {
			isa = PBXResourcesBuildPhase;
			buildActionMask = 2147483647;
			files = (
			);
			runOnlyForDeploymentPostprocessing = 0;
		};
		FD95C1E32133EE5F00243656 /* Resources */ = {
			isa = PBXResourcesBuildPhase;
			buildActionMask = 2147483647;
			files = (
			);
			runOnlyForDeploymentPostprocessing = 0;
		};
/* End PBXResourcesBuildPhase section */

/* Begin PBXShellScriptBuildPhase section */
		0AED151B83CE105F9F30CA9A /* [CP] Check Pods Manifest.lock */ = {
			isa = PBXShellScriptBuildPhase;
			buildActionMask = 2147483647;
			files = (
			);
			inputPaths = (
				"${PODS_PODFILE_DIR_PATH}/Podfile.lock",
				"${PODS_ROOT}/Manifest.lock",
			);
			name = "[CP] Check Pods Manifest.lock";
			outputPaths = (
				"$(DERIVED_FILE_DIR)/Pods-ReactiveCocoaTests-checkManifestLockResult.txt",
			);
			runOnlyForDeploymentPostprocessing = 0;
			shellPath = /bin/sh;
			shellScript = "diff \"${PODS_PODFILE_DIR_PATH}/Podfile.lock\" \"${PODS_ROOT}/Manifest.lock\" > /dev/null\nif [ $? != 0 ] ; then\n    # print error to STDERR\n    echo \"error: The sandbox is not in sync with the Podfile.lock. Run 'pod install' or update your CocoaPods installation.\" >&2\n    exit 1\nfi\n# This output is used by Xcode 'outputs' to avoid re-running this script phase.\necho \"SUCCESS\" > \"${SCRIPT_OUTPUT_FILE_0}\"\n";
			showEnvVarsInLog = 0;
		};
		55B721759C17360B9E5CE4F1 /* [CP] Check Pods Manifest.lock */ = {
			isa = PBXShellScriptBuildPhase;
			buildActionMask = 2147483647;
			files = (
			);
			inputPaths = (
				"${PODS_PODFILE_DIR_PATH}/Podfile.lock",
				"${PODS_ROOT}/Manifest.lock",
			);
			name = "[CP] Check Pods Manifest.lock";
			outputPaths = (
				"$(DERIVED_FILE_DIR)/Pods-ReactiveCocoa-checkManifestLockResult.txt",
			);
			runOnlyForDeploymentPostprocessing = 0;
			shellPath = /bin/sh;
			shellScript = "diff \"${PODS_PODFILE_DIR_PATH}/Podfile.lock\" \"${PODS_ROOT}/Manifest.lock\" > /dev/null\nif [ $? != 0 ] ; then\n    # print error to STDERR\n    echo \"error: The sandbox is not in sync with the Podfile.lock. Run 'pod install' or update your CocoaPods installation.\" >&2\n    exit 1\nfi\n# This output is used by Xcode 'outputs' to avoid re-running this script phase.\necho \"SUCCESS\" > \"${SCRIPT_OUTPUT_FILE_0}\"\n";
			showEnvVarsInLog = 0;
		};
		7727F01FC0D9B2B6481D0A5A /* [CP] Check Pods Manifest.lock */ = {
			isa = PBXShellScriptBuildPhase;
			buildActionMask = 2147483647;
			files = (
			);
			inputPaths = (
				"${PODS_PODFILE_DIR_PATH}/Podfile.lock",
				"${PODS_ROOT}/Manifest.lock",
			);
			name = "[CP] Check Pods Manifest.lock";
			outputPaths = (
				"$(DERIVED_FILE_DIR)/Pods-ReactiveCocoaUITests-checkManifestLockResult.txt",
			);
			runOnlyForDeploymentPostprocessing = 0;
			shellPath = /bin/sh;
			shellScript = "diff \"${PODS_PODFILE_DIR_PATH}/Podfile.lock\" \"${PODS_ROOT}/Manifest.lock\" > /dev/null\nif [ $? != 0 ] ; then\n    # print error to STDERR\n    echo \"error: The sandbox is not in sync with the Podfile.lock. Run 'pod install' or update your CocoaPods installation.\" >&2\n    exit 1\nfi\n# This output is used by Xcode 'outputs' to avoid re-running this script phase.\necho \"SUCCESS\" > \"${SCRIPT_OUTPUT_FILE_0}\"\n";
			showEnvVarsInLog = 0;
		};
/* End PBXShellScriptBuildPhase section */

/* Begin PBXSourcesBuildPhase section */
		FD95C1BE2133EE5E00243656 /* Sources */ = {
			isa = PBXSourcesBuildPhase;
			buildActionMask = 2147483647;
			files = (
				FD1F1A532140C6200023062B /* Demo25_RACSignal_startWith.m in Sources */,
				FD1A511A213E2E600037DD9B /* Demo10_RACSignal_interval_replace_timer.m in Sources */,
				FD1A512E213E36140037DD9B /* Demo18_RACSignal_ReduceEach.m in Sources */,
				FD1A513E213E5A960037DD9B /* Demo22_RACSignal_take.m in Sources */,
				FD0D26B8215CAC7A000B2A87 /* Demo33_RACSignal_merge.m in Sources */,
				FD0D26B1215C8B7C000B2A87 /* Demo31_RACSubject_throttle.m in Sources */,
				FD95C1CA2133EE5E00243656 /* ViewController.m in Sources */,
				FD1A5128213E2F4F0037DD9B /* Demo16_RACSignal_flattenMap.m in Sources */,
				FD1A511C213E2E600037DD9B /* Demo06_rac_addObserverForName.m in Sources */,
				FDC053402136821B00F7E000 /* BaseViewController.m in Sources */,
				FD0D26AE215C89B6000B2A87 /* Demo30_RACSignal_delay.m in Sources */,
				FD1A5118213E2E600037DD9B /* Demo12_rac_liftSelector.m in Sources */,
				FD47A06721465EDA00B1052E /* Demo29_RACSignal_aggregate.m in Sources */,
				FD1A511B213E2E600037DD9B /* Demo05_rac_signalForControlEvents.m in Sources */,
				FD47A06321465C3C00B1052E /* Demo28_RACSignal_collect.m in Sources */,
				FD0D26B5215CA9FC000B2A87 /* Demo32_RACSignal_concat.m in Sources */,
				FD1A5120213E2E600037DD9B /* Demo_01_RACSignal.m in Sources */,
				FD1A5122213E2E600037DD9B /* Demo13_RACCommand.m in Sources */,
				FDA4B7272137974D00642F85 /* RACViewController.m in Sources */,
				FD1A511F213E2E600037DD9B /* Demo_09_RACSequence.m in Sources */,
				FD1A5117213E2E600037DD9B /* Demo03_rac_signalForSelector.m in Sources */,
				FD1A5119213E2E600037DD9B /* Demo07_rac_textSignal.m in Sources */,
				FD1F1A592140C9620023062B /* Demo27_RACSignal_retry.m in Sources */,
				FD1A5131213E37AE0037DD9B /* Demo19_RACSignal_Scan.m in Sources */,
				FD1A5144213E5E1B0037DD9B /* Demo24_RACSignal_skip.m in Sources */,
				FD1A5121213E2E600037DD9B /* Demo08_RACTuple.m in Sources */,
				FD0D26C7215CD701000B2A87 /* Demo34_RACSignal_zip.m in Sources */,
				FD1A5141213E5CE20037DD9B /* Demo23_RACSignal_ignore.m in Sources */,
				FD1F1A562140C7850023062B /* Demo26_RACSignal_repeat.m in Sources */,
				FD95C1D52133EE5F00243656 /* main.m in Sources */,
				FD1A5125213E2F230037DD9B /* Demo15_RACSignal_map.m in Sources */,
				FD1A5137213E549E0037DD9B /* Demo20_RAC_Macro.m in Sources */,
				FD95C1C72133EE5E00243656 /* AppDelegate.m in Sources */,
				FD1A5115213E2E600037DD9B /* Demo14_RACSignal_Bind.m in Sources */,
				FD1A511E213E2E600037DD9B /* Demo11_RACMulticastConnection.m in Sources */,
				FDA4B73021379D0200642F85 /* RACView.m in Sources */,
				FD1A5116213E2E600037DD9B /* Demo04_rac_observeKeyPath.m in Sources */,
				FD1A513B213E57190037DD9B /* Demo21_RACSubject_filter.m in Sources */,
				FD1A512B213E34C30037DD9B /* Demo17_RACSignal_distinctUntilChanged.m in Sources */,
				FD1A511D213E2E600037DD9B /* Demo_02_RACSubject.m in Sources */,
			);
			runOnlyForDeploymentPostprocessing = 0;
		};
		FD95C1D62133EE5F00243656 /* Sources */ = {
			isa = PBXSourcesBuildPhase;
			buildActionMask = 2147483647;
			files = (
				FD95C1DF2133EE5F00243656 /* ReactiveCocoaTests.m in Sources */,
			);
			runOnlyForDeploymentPostprocessing = 0;
		};
		FD95C1E12133EE5F00243656 /* Sources */ = {
			isa = PBXSourcesBuildPhase;
			buildActionMask = 2147483647;
			files = (
				FD95C1EA2133EE5F00243656 /* ReactiveCocoaUITests.m in Sources */,
			);
			runOnlyForDeploymentPostprocessing = 0;
		};
/* End PBXSourcesBuildPhase section */

/* Begin PBXTargetDependency section */
		FD95C1DC2133EE5F00243656 /* PBXTargetDependency */ = {
			isa = PBXTargetDependency;
			target = FD95C1C12133EE5E00243656 /* ReactiveCocoa */;
			targetProxy = FD95C1DB2133EE5F00243656 /* PBXContainerItemProxy */;
		};
		FD95C1E72133EE5F00243656 /* PBXTargetDependency */ = {
			isa = PBXTargetDependency;
			target = FD95C1C12133EE5E00243656 /* ReactiveCocoa */;
			targetProxy = FD95C1E62133EE5F00243656 /* PBXContainerItemProxy */;
		};
/* End PBXTargetDependency section */

/* Begin PBXVariantGroup section */
		FD95C1CB2133EE5E00243656 /* Main.storyboard */ = {
			isa = PBXVariantGroup;
			children = (
				FD95C1CC2133EE5E00243656 /* Base */,
			);
			name = Main.storyboard;
			sourceTree = "<group>";
		};
		FD95C1D02133EE5F00243656 /* LaunchScreen.storyboard */ = {
			isa = PBXVariantGroup;
			children = (
				FD95C1D12133EE5F00243656 /* Base */,
			);
			name = LaunchScreen.storyboard;
			sourceTree = "<group>";
		};
/* End PBXVariantGroup section */

/* Begin XCBuildConfiguration section */
		FD95C1EC2133EE5F00243656 /* Debug */ = {
			isa = XCBuildConfiguration;
			buildSettings = {
				ALWAYS_SEARCH_USER_PATHS = NO;
				CLANG_ANALYZER_NONNULL = YES;
				CLANG_ANALYZER_NUMBER_OBJECT_CONVERSION = YES_AGGRESSIVE;
				CLANG_CXX_LANGUAGE_STANDARD = "gnu++14";
				CLANG_CXX_LIBRARY = "libc++";
				CLANG_ENABLE_MODULES = YES;
				CLANG_ENABLE_OBJC_ARC = YES;
				CLANG_ENABLE_OBJC_WEAK = YES;
				CLANG_WARN_BLOCK_CAPTURE_AUTORELEASING = YES;
				CLANG_WARN_BOOL_CONVERSION = YES;
				CLANG_WARN_COMMA = YES;
				CLANG_WARN_CONSTANT_CONVERSION = YES;
				CLANG_WARN_DEPRECATED_OBJC_IMPLEMENTATIONS = YES;
				CLANG_WARN_DIRECT_OBJC_ISA_USAGE = YES_ERROR;
				CLANG_WARN_DOCUMENTATION_COMMENTS = YES;
				CLANG_WARN_EMPTY_BODY = YES;
				CLANG_WARN_ENUM_CONVERSION = YES;
				CLANG_WARN_INFINITE_RECURSION = YES;
				CLANG_WARN_INT_CONVERSION = YES;
				CLANG_WARN_NON_LITERAL_NULL_CONVERSION = YES;
				CLANG_WARN_OBJC_IMPLICIT_RETAIN_SELF = YES;
				CLANG_WARN_OBJC_LITERAL_CONVERSION = YES;
				CLANG_WARN_OBJC_ROOT_CLASS = YES_ERROR;
				CLANG_WARN_RANGE_LOOP_ANALYSIS = YES;
				CLANG_WARN_STRICT_PROTOTYPES = YES;
				CLANG_WARN_SUSPICIOUS_MOVE = YES;
				CLANG_WARN_UNGUARDED_AVAILABILITY = YES_AGGRESSIVE;
				CLANG_WARN_UNREACHABLE_CODE = YES;
				CLANG_WARN__DUPLICATE_METHOD_MATCH = YES;
				CODE_SIGN_IDENTITY = "iPhone Developer";
				COPY_PHASE_STRIP = NO;
				DEBUG_INFORMATION_FORMAT = dwarf;
				ENABLE_STRICT_OBJC_MSGSEND = YES;
				ENABLE_TESTABILITY = YES;
				GCC_C_LANGUAGE_STANDARD = gnu11;
				GCC_DYNAMIC_NO_PIC = NO;
				GCC_NO_COMMON_BLOCKS = YES;
				GCC_OPTIMIZATION_LEVEL = 0;
				GCC_PREPROCESSOR_DEFINITIONS = (
					"DEBUG=1",
					"$(inherited)",
				);
				GCC_WARN_64_TO_32_BIT_CONVERSION = YES;
				GCC_WARN_ABOUT_RETURN_TYPE = YES_ERROR;
				GCC_WARN_UNDECLARED_SELECTOR = YES;
				GCC_WARN_UNINITIALIZED_AUTOS = YES_AGGRESSIVE;
				GCC_WARN_UNUSED_FUNCTION = YES;
				GCC_WARN_UNUSED_VARIABLE = YES;
				IPHONEOS_DEPLOYMENT_TARGET = 11.3;
				MTL_ENABLE_DEBUG_INFO = YES;
				ONLY_ACTIVE_ARCH = YES;
				SDKROOT = iphoneos;
				SWIFT_VERSION = 3.0;
			};
			name = Debug;
		};
		FD95C1ED2133EE5F00243656 /* Release */ = {
			isa = XCBuildConfiguration;
			buildSettings = {
				ALWAYS_SEARCH_USER_PATHS = NO;
				CLANG_ANALYZER_NONNULL = YES;
				CLANG_ANALYZER_NUMBER_OBJECT_CONVERSION = YES_AGGRESSIVE;
				CLANG_CXX_LANGUAGE_STANDARD = "gnu++14";
				CLANG_CXX_LIBRARY = "libc++";
				CLANG_ENABLE_MODULES = YES;
				CLANG_ENABLE_OBJC_ARC = YES;
				CLANG_ENABLE_OBJC_WEAK = YES;
				CLANG_WARN_BLOCK_CAPTURE_AUTORELEASING = YES;
				CLANG_WARN_BOOL_CONVERSION = YES;
				CLANG_WARN_COMMA = YES;
				CLANG_WARN_CONSTANT_CONVERSION = YES;
				CLANG_WARN_DEPRECATED_OBJC_IMPLEMENTATIONS = YES;
				CLANG_WARN_DIRECT_OBJC_ISA_USAGE = YES_ERROR;
				CLANG_WARN_DOCUMENTATION_COMMENTS = YES;
				CLANG_WARN_EMPTY_BODY = YES;
				CLANG_WARN_ENUM_CONVERSION = YES;
				CLANG_WARN_INFINITE_RECURSION = YES;
				CLANG_WARN_INT_CONVERSION = YES;
				CLANG_WARN_NON_LITERAL_NULL_CONVERSION = YES;
				CLANG_WARN_OBJC_IMPLICIT_RETAIN_SELF = YES;
				CLANG_WARN_OBJC_LITERAL_CONVERSION = YES;
				CLANG_WARN_OBJC_ROOT_CLASS = YES_ERROR;
				CLANG_WARN_RANGE_LOOP_ANALYSIS = YES;
				CLANG_WARN_STRICT_PROTOTYPES = YES;
				CLANG_WARN_SUSPICIOUS_MOVE = YES;
				CLANG_WARN_UNGUARDED_AVAILABILITY = YES_AGGRESSIVE;
				CLANG_WARN_UNREACHABLE_CODE = YES;
				CLANG_WARN__DUPLICATE_METHOD_MATCH = YES;
				CODE_SIGN_IDENTITY = "iPhone Developer";
				COPY_PHASE_STRIP = NO;
				DEBUG_INFORMATION_FORMAT = "dwarf-with-dsym";
				ENABLE_NS_ASSERTIONS = NO;
				ENABLE_STRICT_OBJC_MSGSEND = YES;
				GCC_C_LANGUAGE_STANDARD = gnu11;
				GCC_NO_COMMON_BLOCKS = YES;
				GCC_WARN_64_TO_32_BIT_CONVERSION = YES;
				GCC_WARN_ABOUT_RETURN_TYPE = YES_ERROR;
				GCC_WARN_UNDECLARED_SELECTOR = YES;
				GCC_WARN_UNINITIALIZED_AUTOS = YES_AGGRESSIVE;
				GCC_WARN_UNUSED_FUNCTION = YES;
				GCC_WARN_UNUSED_VARIABLE = YES;
				IPHONEOS_DEPLOYMENT_TARGET = 11.3;
				MTL_ENABLE_DEBUG_INFO = NO;
				SDKROOT = iphoneos;
				SWIFT_VERSION = 3.0;
				VALIDATE_PRODUCT = YES;
			};
			name = Release;
		};
		FD95C1EF2133EE5F00243656 /* Debug */ = {
			isa = XCBuildConfiguration;
			baseConfigurationReference = D5A93663A467610330A3F59E /* Pods-ReactiveCocoa.debug.xcconfig */;
			buildSettings = {
				ASSETCATALOG_COMPILER_APPICON_NAME = AppIcon;
				CLANG_ENABLE_MODULES = YES;
				CODE_SIGN_STYLE = Automatic;
				DEVELOPMENT_TEAM = DZK6T3AW3W;
				INFOPLIST_FILE = ReactiveCocoa/Info.plist;
				LD_RUNPATH_SEARCH_PATHS = (
					"$(inherited)",
					"@executable_path/Frameworks",
				);
				PRODUCT_BUNDLE_IDENTIFIER = com.shanglv51.www.ReactiveCocoa;
				PRODUCT_NAME = "$(TARGET_NAME)";
				PrefixHeader = /Users/liyiping/Desktop/ReactiveCocoa/ReactiveCocoa/PrefixHeader.pch;
				SWIFT_OBJC_BRIDGING_HEADER = "ReactiveCocoa/ReactiveCocoa/ReactiveCocoa-Bridging-Header.h";
				SWIFT_OPTIMIZATION_LEVEL = "-Onone";
				SWIFT_VERSION = 3.0;
				TARGETED_DEVICE_FAMILY = "1,2";
			};
			name = Debug;
		};
		FD95C1F02133EE5F00243656 /* Release */ = {
			isa = XCBuildConfiguration;
			baseConfigurationReference = 987F8A32554C2D688BF6506D /* Pods-ReactiveCocoa.release.xcconfig */;
			buildSettings = {
				ASSETCATALOG_COMPILER_APPICON_NAME = AppIcon;
				CLANG_ENABLE_MODULES = YES;
				CODE_SIGN_STYLE = Automatic;
				DEVELOPMENT_TEAM = DZK6T3AW3W;
				INFOPLIST_FILE = ReactiveCocoa/Info.plist;
				LD_RUNPATH_SEARCH_PATHS = (
					"$(inherited)",
					"@executable_path/Frameworks",
				);
				PRODUCT_BUNDLE_IDENTIFIER = com.shanglv51.www.ReactiveCocoa;
				PRODUCT_NAME = "$(TARGET_NAME)";
				PrefixHeader = /Users/liyiping/Desktop/ReactiveCocoa/ReactiveCocoa/PrefixHeader.pch;
				SWIFT_OBJC_BRIDGING_HEADER = "ReactiveCocoa/ReactiveCocoa/ReactiveCocoa-Bridging-Header.h";
				SWIFT_VERSION = 3.0;
				TARGETED_DEVICE_FAMILY = "1,2";
			};
			name = Release;
		};
		FD95C1F22133EE5F00243656 /* Debug */ = {
			isa = XCBuildConfiguration;
			baseConfigurationReference = AD1BA77ED492881629CE3031 /* Pods-ReactiveCocoaTests.debug.xcconfig */;
			buildSettings = {
				BUNDLE_LOADER = "$(TEST_HOST)";
				CODE_SIGN_STYLE = Automatic;
				DEVELOPMENT_TEAM = DZK6T3AW3W;
				INFOPLIST_FILE = ReactiveCocoaTests/Info.plist;
				LD_RUNPATH_SEARCH_PATHS = (
					"$(inherited)",
					"@executable_path/Frameworks",
					"@loader_path/Frameworks",
				);
				PRODUCT_BUNDLE_IDENTIFIER = com.shanglv51.www.ReactiveCocoaTests;
				PRODUCT_NAME = "$(TARGET_NAME)";
				TARGETED_DEVICE_FAMILY = "1,2";
				TEST_HOST = "$(BUILT_PRODUCTS_DIR)/ReactiveCocoa.app/ReactiveCocoa";
			};
			name = Debug;
		};
		FD95C1F32133EE5F00243656 /* Release */ = {
			isa = XCBuildConfiguration;
			baseConfigurationReference = 5F61ACC6189D198CC47D7CAC /* Pods-ReactiveCocoaTests.release.xcconfig */;
			buildSettings = {
				BUNDLE_LOADER = "$(TEST_HOST)";
				CODE_SIGN_STYLE = Automatic;
				DEVELOPMENT_TEAM = DZK6T3AW3W;
				INFOPLIST_FILE = ReactiveCocoaTests/Info.plist;
				LD_RUNPATH_SEARCH_PATHS = (
					"$(inherited)",
					"@executable_path/Frameworks",
					"@loader_path/Frameworks",
				);
				PRODUCT_BUNDLE_IDENTIFIER = com.shanglv51.www.ReactiveCocoaTests;
				PRODUCT_NAME = "$(TARGET_NAME)";
				TARGETED_DEVICE_FAMILY = "1,2";
				TEST_HOST = "$(BUILT_PRODUCTS_DIR)/ReactiveCocoa.app/ReactiveCocoa";
			};
			name = Release;
		};
		FD95C1F52133EE5F00243656 /* Debug */ = {
			isa = XCBuildConfiguration;
			baseConfigurationReference = 26B97453941D14702791CEAC /* Pods-ReactiveCocoaUITests.debug.xcconfig */;
			buildSettings = {
				CODE_SIGN_STYLE = Automatic;
				DEVELOPMENT_TEAM = DZK6T3AW3W;
				INFOPLIST_FILE = ReactiveCocoaUITests/Info.plist;
				LD_RUNPATH_SEARCH_PATHS = (
					"$(inherited)",
					"@executable_path/Frameworks",
					"@loader_path/Frameworks",
				);
				PRODUCT_BUNDLE_IDENTIFIER = com.shanglv51.www.ReactiveCocoaUITests;
				PRODUCT_NAME = "$(TARGET_NAME)";
				TARGETED_DEVICE_FAMILY = "1,2";
				TEST_TARGET_NAME = ReactiveCocoa;
			};
			name = Debug;
		};
		FD95C1F62133EE5F00243656 /* Release */ = {
			isa = XCBuildConfiguration;
			baseConfigurationReference = 2AAB7326D817E6BB2A37E3EA /* Pods-ReactiveCocoaUITests.release.xcconfig */;
			buildSettings = {
				CODE_SIGN_STYLE = Automatic;
				DEVELOPMENT_TEAM = DZK6T3AW3W;
				INFOPLIST_FILE = ReactiveCocoaUITests/Info.plist;
				LD_RUNPATH_SEARCH_PATHS = (
					"$(inherited)",
					"@executable_path/Frameworks",
					"@loader_path/Frameworks",
				);
				PRODUCT_BUNDLE_IDENTIFIER = com.shanglv51.www.ReactiveCocoaUITests;
				PRODUCT_NAME = "$(TARGET_NAME)";
				TARGETED_DEVICE_FAMILY = "1,2";
				TEST_TARGET_NAME = ReactiveCocoa;
			};
			name = Release;
		};
/* End XCBuildConfiguration section */

/* Begin XCConfigurationList section */
		FD95C1BD2133EE5E00243656 /* Build configuration list for PBXProject "ReactiveCocoa" */ = {
			isa = XCConfigurationList;
			buildConfigurations = (
				FD95C1EC2133EE5F00243656 /* Debug */,
				FD95C1ED2133EE5F00243656 /* Release */,
			);
			defaultConfigurationIsVisible = 0;
			defaultConfigurationName = Release;
		};
		FD95C1EE2133EE5F00243656 /* Build configuration list for PBXNativeTarget "ReactiveCocoa" */ = {
			isa = XCConfigurationList;
			buildConfigurations = (
				FD95C1EF2133EE5F00243656 /* Debug */,
				FD95C1F02133EE5F00243656 /* Release */,
			);
			defaultConfigurationIsVisible = 0;
			defaultConfigurationName = Release;
		};
		FD95C1F12133EE5F00243656 /* Build configuration list for PBXNativeTarget "ReactiveCocoaTests" */ = {
			isa = XCConfigurationList;
			buildConfigurations = (
				FD95C1F22133EE5F00243656 /* Debug */,
				FD95C1F32133EE5F00243656 /* Release */,
			);
			defaultConfigurationIsVisible = 0;
			defaultConfigurationName = Release;
		};
		FD95C1F42133EE5F00243656 /* Build configuration list for PBXNativeTarget "ReactiveCocoaUITests" */ = {
			isa = XCConfigurationList;
			buildConfigurations = (
				FD95C1F52133EE5F00243656 /* Debug */,
				FD95C1F62133EE5F00243656 /* Release */,
			);
			defaultConfigurationIsVisible = 0;
			defaultConfigurationName = Release;
		};
/* End XCConfigurationList section */
	};
	rootObject = FD95C1BA2133EE5E00243656 /* Project object */;
}
